Microsoft Visual Studio Solution File, Format Version 12.00
# Visual Studio Version 16
VisualStudioVersion = 16.0.29728.190
MinimumVisualStudioVersion = 10.0.40219.1
Project("{2150E333-8FDC-42A3-9474-1A3956D46DE8}") = "Solution Items", "Solution Items", "{350A0B15-98C0-45E3-872B-4FEFB47AA37C}"
	ProjectSection(SolutionItems) = preProject
		.editorconfig = .editorconfig
	EndProjectSection
EndProject
Project("{2150E333-8FDC-42A3-9474-1A3956D46DE8}") = "Samples", "Samples", "{4B8EAC4B-FFDF-4CCA-A6FE-4505631E51EC}"
EndProject
Project("{2150E333-8FDC-42A3-9474-1A3956D46DE8}") = "Tools", "Tools", "{935D7586-B55D-431A-A0ED-338383DE1A1E}"
EndProject
Project("{8BC9CEB8-8B4A-11D0-8D11-00A0C91BC942}") = "FalcorTest", "Source\Tools\FalcorTest\FalcorTest.vcxproj", "{20401FAD-6022-8EB7-2F78-41369B8F0F49}"
EndProject
Project("{8BC9CEB8-8B4A-11D0-8D11-00A0C91BC942}") = "RenderGraphEditor", "Source\Tools\RenderGraphEditor\RenderGraphEditor.vcxproj", "{DE81ACAA-933F-4DBC-A7EB-D69B9CB0BA71}"
EndProject
Project("{8BC9CEB8-8B4A-11D0-8D11-00A0C91BC942}") = "Falcor", "Source\Falcor\Falcor.vcxproj", "{2C535635-E4C5-4098-A928-574F0E7CD5F9}"
EndProject
Project("{2150E333-8FDC-42A3-9474-1A3956D46DE8}") = "BuildScripts", "BuildScripts", "{0ABDD59E-937B-41FF-B78A-7F47CBCCA387}"
	ProjectSection(SolutionItems) = preProject
		Build\deploycommon.bat = Build\deploycommon.bat
		Build\deployproject.bat = Build\deployproject.bat
		Build\patchpropssheet.py = Build\patchpropssheet.py
		Build\prebuild.bat = Build\prebuild.bat
		Build\update_dependencies.bat = Build\update_dependencies.bat
	EndProjectSection
EndProject
Project("{8BC9CEB8-8B4A-11D0-8D11-00A0C91BC942}") = "Mogwai", "Source\Mogwai\Mogwai.vcxproj", "{204D1CBA-6D34-4EB7-9F78-A1369F8F0F49}"
EndProject
Project("{2150E333-8FDC-42A3-9474-1A3956D46DE8}") = "RenderPasses", "RenderPasses", "{D16038A7-B031-4181-B4A1-2C416C02330C}"
EndProject
Project("{8BC9CEB8-8B4A-11D0-8D11-00A0C91BC942}") = "HelloDXR", "Source\Samples\HelloDXR\HelloDXR.vcxproj", "{71B60B71-89A2-4196-BFB9-4A848CF6C541}"
EndProject
Project("{8BC9CEB8-8B4A-11D0-8D11-00A0C91BC942}") = "ModelViewer", "Source\Samples\ModelViewer\ModelViewer.vcxproj", "{7BFFD891-AAD6-4E5C-8ADC-611C2625DCD9}"
EndProject
Project("{8BC9CEB8-8B4A-11D0-8D11-00A0C91BC942}") = "ProjectTemplate", "Source\Samples\ProjectTemplate\ProjectTemplate.vcxproj", "{605856E4-34D4-40DF-B859-EEA3A7D52A7B}"
EndProject
Project("{8BC9CEB8-8B4A-11D0-8D11-00A0C91BC942}") = "ShaderToy", "Source\Samples\ShaderToy\ShaderToy.vcxproj", "{8AB4CF3D-9824-4390-8569-B07776C4D1F6}"
EndProject
Project("{8BC9CEB8-8B4A-11D0-8D11-00A0C91BC942}") = "AccumulatePass", "Source\RenderPasses\AccumulatePass\AccumulatePass.vcxproj", "{081FD8DE-6C92-4CDC-84AD-C514F7E83F93}"
EndProject
Project("{8BC9CEB8-8B4A-11D0-8D11-00A0C91BC942}") = "GBuffer", "Source\RenderPasses\GBuffer\GBuffer.vcxproj", "{CA155B01-7528-4D81-B5CD-E801B4AA4027}"
EndProject
Project("{8BC9CEB8-8B4A-11D0-8D11-00A0C91BC942}") = "PixelInspectorPass", "Source\RenderPasses\PixelInspectorPass\PixelInspectorPass.vcxproj", "{80DDDE59-A412-4E64-880A-6B52697C967B}"
EndProject
Project("{8BC9CEB8-8B4A-11D0-8D11-00A0C91BC942}") = "Antialiasing", "Source\RenderPasses\Antialiasing\Antialiasing.vcxproj", "{8ECC586D-1F5E-46D4-82BB-28044E6D67A2}"
EndProject
Project("{8BC9CEB8-8B4A-11D0-8D11-00A0C91BC942}") = "SkyBox", "Source\RenderPasses\SkyBox\SkyBox.vcxproj", "{C6EB0AC0-FF3B-474E-A453-44D84329D13A}"
EndProject
Project("{8BC9CEB8-8B4A-11D0-8D11-00A0C91BC942}") = "ToneMapper", "Source\RenderPasses\ToneMapper\ToneMapper.vcxproj", "{E58DB0ED-58CD-4724-91EA-99419084CB3A}"
EndProject
Project("{8BC9CEB8-8B4A-11D0-8D11-00A0C91BC942}") = "Utils", "Source\RenderPasses\Utils\Utils.vcxproj", "{BCA3CCD2-6118-4821-BF30-23B725B0C230}"
EndProject
Project("{8BC9CEB8-8B4A-11D0-8D11-00A0C91BC942}") = "BlitPass", "Source\RenderPasses\BlitPass\BlitPass.vcxproj", "{15770768-65FC-4889-A34B-3CC27CC452BC}"
EndProject
Project("{8BC9CEB8-8B4A-11D0-8D11-00A0C91BC942}") = "DepthPass", "Source\RenderPasses\DepthPass\DepthPass.vcxproj", "{730AA5B9-7DDB-40AF-A882-EB39B9D3AC7C}"
EndProject
Project("{8BC9CEB8-8B4A-11D0-8D11-00A0C91BC942}") = "ImageCompare", "Source\Tools\ImageCompare\ImageCompare.vcxproj", "{8F6B5FAB-30FA-45C6-B5EA-BCD1D26781C0}"
EndProject
Project("{8BC9CEB8-8B4A-11D0-8D11-00A0C91BC942}") = "VirtualLightGeneratePass", "Source\RenderPasses\VirtualLightGeneratePass\VirtualLightGeneratePass.vcxproj", "{8F5021A0-B44D-487E-A5B9-B14E5B34EE88}"
EndProject
Project("{8BC9CEB8-8B4A-11D0-8D11-00A0C91BC942}") = "VirtualLightVisPass", "Source\RenderPasses\VirtualLightVisPass\VirtualLightVisPass.vcxproj", "{9BA8BE6A-3CE0-4307-885A-BE18FD90F3DA}"
EndProject
Project("{8BC9CEB8-8B4A-11D0-8D11-00A0C91BC942}") = "SampleEliminatePass", "Source\RenderPasses\SampleEliminatePass\SampleEliminatePass.vcxproj", "{CE4E6D23-E12C-49F6-8492-BCAD884B6E40}"
EndProject
Project("{8BC9CEB8-8B4A-11D0-8D11-00A0C91BC942}") = "VirtualLightEstimatePass", "Source\RenderPasses\VirtualLightEstimatePass\VirtualLightEstimatePass.vcxproj", "{66B092D9-4CBB-4AFC-8647-D2CAE69149E6}"
EndProject
Project("{8BC9CEB8-8B4A-11D0-8D11-00A0C91BC942}") = "GBufferSlim", "Source\RenderPasses\GBufferSlim\GBufferSlim.vcxproj", "{67E7E092-D4BE-4985-85D2-52FA20D40086}"
EndProject
Project("{8BC9CEB8-8B4A-11D0-8D11-00A0C91BC942}") = "SimplePathTracer", "Source\RenderPasses\SimplePathTracer\SimplePathTracer.vcxproj", "{71D0C524-3835-451D-8C73-C929C5C0A64E}"
EndProject
Project("{8BC9CEB8-8B4A-11D0-8D11-00A0C91BC942}") = "PrepareLights", "Source\RenderPasses\PrepareLights\PrepareLights.vcxproj", "{CA37AB93-E164-4F15-A925-66E0678796BF}"
EndProject
Project("{8BC9CEB8-8B4A-11D0-8D11-00A0C91BC942}") = "PhotonGenerationPass", "Source\RenderPasses\PhotonGenerationPass\PhotonGenerationPass.vcxproj", "{3D05D159-CB06-4C70-8F8E-56845DE85844}"
EndProject
Project("{8BC9CEB8-8B4A-11D0-8D11-00A0C91BC942}") = "RelaxationPass", "Source\RenderPasses\RelaxationPass\RelaxationPass.vcxproj", "{37EBAC81-13A7-4F72-AF17-51E6A29CA978}"
EndProject
Project("{8BC9CEB8-8B4A-11D0-8D11-00A0C91BC942}") = "ResultAccumulatePass", "Source\RenderPasses\ResultAccumulatePass\ResultAccumulatePass.vcxproj", "{3AC9ADAB-C685-49C5-BFC1-FAF90FB12C1C}"
EndProject
Project("{8BC9CEB8-8B4A-11D0-8D11-00A0C91BC942}") = "PhotonMapping", "Source\RenderPasses\PhotonMapping\PhotonMapping.vcxproj", "{91F44B8F-7053-4607-9E4F-D31A7039B512}"
EndProject
Project("{8BC9CEB8-8B4A-11D0-8D11-00A0C91BC942}") = "VBNLShadingPass", "Source\RenderPasses\VBNLShadingPass\VBNLShadingPass.vcxproj", "{A011819B-DE6F-4246-AF0A-E7C249639D8D}"
EndProject
Global
	GlobalSection(SolutionConfigurationPlatforms) = preSolution
		DebugD3D12|x64 = DebugD3D12|x64
		ReleaseD3D12|x64 = ReleaseD3D12|x64
	EndGlobalSection
	GlobalSection(ProjectConfigurationPlatforms) = postSolution
		{20401FAD-6022-8EB7-2F78-41369B8F0F49}.DebugD3D12|x64.ActiveCfg = Debug|x64
		{20401FAD-6022-8EB7-2F78-41369B8F0F49}.DebugD3D12|x64.Build.0 = Debug|x64
		{20401FAD-6022-8EB7-2F78-41369B8F0F49}.ReleaseD3D12|x64.ActiveCfg = Release|x64
		{20401FAD-6022-8EB7-2F78-41369B8F0F49}.ReleaseD3D12|x64.Build.0 = Release|x64
		{DE81ACAA-933F-4DBC-A7EB-D69B9CB0BA71}.DebugD3D12|x64.ActiveCfg = Debug|x64
		{DE81ACAA-933F-4DBC-A7EB-D69B9CB0BA71}.DebugD3D12|x64.Build.0 = Debug|x64
		{DE81ACAA-933F-4DBC-A7EB-D69B9CB0BA71}.ReleaseD3D12|x64.ActiveCfg = Release|x64
		{DE81ACAA-933F-4DBC-A7EB-D69B9CB0BA71}.ReleaseD3D12|x64.Build.0 = Release|x64
		{2C535635-E4C5-4098-A928-574F0E7CD5F9}.DebugD3D12|x64.ActiveCfg = DebugD3D12|x64
		{2C535635-E4C5-4098-A928-574F0E7CD5F9}.DebugD3D12|x64.Build.0 = DebugD3D12|x64
		{2C535635-E4C5-4098-A928-574F0E7CD5F9}.ReleaseD3D12|x64.ActiveCfg = ReleaseD3D12|x64
		{2C535635-E4C5-4098-A928-574F0E7CD5F9}.ReleaseD3D12|x64.Build.0 = ReleaseD3D12|x64
		{204D1CBA-6D34-4EB7-9F78-A1369F8F0F49}.DebugD3D12|x64.ActiveCfg = Debug|x64
		{204D1CBA-6D34-4EB7-9F78-A1369F8F0F49}.DebugD3D12|x64.Build.0 = Debug|x64
		{204D1CBA-6D34-4EB7-9F78-A1369F8F0F49}.ReleaseD3D12|x64.ActiveCfg = Release|x64
		{204D1CBA-6D34-4EB7-9F78-A1369F8F0F49}.ReleaseD3D12|x64.Build.0 = Release|x64
		{71B60B71-89A2-4196-BFB9-4A848CF6C541}.DebugD3D12|x64.ActiveCfg = Debug|x64
		{71B60B71-89A2-4196-BFB9-4A848CF6C541}.DebugD3D12|x64.Build.0 = Debug|x64
		{71B60B71-89A2-4196-BFB9-4A848CF6C541}.ReleaseD3D12|x64.ActiveCfg = Release|x64
		{71B60B71-89A2-4196-BFB9-4A848CF6C541}.ReleaseD3D12|x64.Build.0 = Release|x64
		{7BFFD891-AAD6-4E5C-8ADC-611C2625DCD9}.DebugD3D12|x64.ActiveCfg = Debug|x64
		{7BFFD891-AAD6-4E5C-8ADC-611C2625DCD9}.DebugD3D12|x64.Build.0 = Debug|x64
		{7BFFD891-AAD6-4E5C-8ADC-611C2625DCD9}.ReleaseD3D12|x64.ActiveCfg = Release|x64
		{7BFFD891-AAD6-4E5C-8ADC-611C2625DCD9}.ReleaseD3D12|x64.Build.0 = Release|x64
		{605856E4-34D4-40DF-B859-EEA3A7D52A7B}.DebugD3D12|x64.ActiveCfg = Debug|x64
		{605856E4-34D4-40DF-B859-EEA3A7D52A7B}.DebugD3D12|x64.Build.0 = Debug|x64
		{605856E4-34D4-40DF-B859-EEA3A7D52A7B}.ReleaseD3D12|x64.ActiveCfg = Release|x64
		{605856E4-34D4-40DF-B859-EEA3A7D52A7B}.ReleaseD3D12|x64.Build.0 = Release|x64
		{8AB4CF3D-9824-4390-8569-B07776C4D1F6}.DebugD3D12|x64.ActiveCfg = Debug|x64
		{8AB4CF3D-9824-4390-8569-B07776C4D1F6}.DebugD3D12|x64.Build.0 = Debug|x64
		{8AB4CF3D-9824-4390-8569-B07776C4D1F6}.ReleaseD3D12|x64.ActiveCfg = Release|x64
		{8AB4CF3D-9824-4390-8569-B07776C4D1F6}.ReleaseD3D12|x64.Build.0 = Release|x64
		{081FD8DE-6C92-4CDC-84AD-C514F7E83F93}.DebugD3D12|x64.ActiveCfg = Debug|x64
		{081FD8DE-6C92-4CDC-84AD-C514F7E83F93}.DebugD3D12|x64.Build.0 = Debug|x64
		{081FD8DE-6C92-4CDC-84AD-C514F7E83F93}.ReleaseD3D12|x64.ActiveCfg = Release|x64
		{081FD8DE-6C92-4CDC-84AD-C514F7E83F93}.ReleaseD3D12|x64.Build.0 = Release|x64
		{CA155B01-7528-4D81-B5CD-E801B4AA4027}.DebugD3D12|x64.ActiveCfg = Debug|x64
		{CA155B01-7528-4D81-B5CD-E801B4AA4027}.DebugD3D12|x64.Build.0 = Debug|x64
		{CA155B01-7528-4D81-B5CD-E801B4AA4027}.ReleaseD3D12|x64.ActiveCfg = Release|x64
		{CA155B01-7528-4D81-B5CD-E801B4AA4027}.ReleaseD3D12|x64.Build.0 = Release|x64
		{80DDDE59-A412-4E64-880A-6B52697C967B}.DebugD3D12|x64.ActiveCfg = Debug|x64
		{80DDDE59-A412-4E64-880A-6B52697C967B}.DebugD3D12|x64.Build.0 = Debug|x64
		{80DDDE59-A412-4E64-880A-6B52697C967B}.ReleaseD3D12|x64.ActiveCfg = Release|x64
		{80DDDE59-A412-4E64-880A-6B52697C967B}.ReleaseD3D12|x64.Build.0 = Release|x64
		{8ECC586D-1F5E-46D4-82BB-28044E6D67A2}.DebugD3D12|x64.ActiveCfg = Debug|x64
		{8ECC586D-1F5E-46D4-82BB-28044E6D67A2}.DebugD3D12|x64.Build.0 = Debug|x64
		{8ECC586D-1F5E-46D4-82BB-28044E6D67A2}.ReleaseD3D12|x64.ActiveCfg = Release|x64
		{8ECC586D-1F5E-46D4-82BB-28044E6D67A2}.ReleaseD3D12|x64.Build.0 = Release|x64
		{C6EB0AC0-FF3B-474E-A453-44D84329D13A}.DebugD3D12|x64.ActiveCfg = Debug|x64
		{C6EB0AC0-FF3B-474E-A453-44D84329D13A}.DebugD3D12|x64.Build.0 = Debug|x64
		{C6EB0AC0-FF3B-474E-A453-44D84329D13A}.ReleaseD3D12|x64.ActiveCfg = Release|x64
		{C6EB0AC0-FF3B-474E-A453-44D84329D13A}.ReleaseD3D12|x64.Build.0 = Release|x64
		{E58DB0ED-58CD-4724-91EA-99419084CB3A}.DebugD3D12|x64.ActiveCfg = Debug|x64
		{E58DB0ED-58CD-4724-91EA-99419084CB3A}.DebugD3D12|x64.Build.0 = Debug|x64
		{E58DB0ED-58CD-4724-91EA-99419084CB3A}.ReleaseD3D12|x64.ActiveCfg = Release|x64
		{E58DB0ED-58CD-4724-91EA-99419084CB3A}.ReleaseD3D12|x64.Build.0 = Release|x64
		{BCA3CCD2-6118-4821-BF30-23B725B0C230}.DebugD3D12|x64.ActiveCfg = Debug|x64
		{BCA3CCD2-6118-4821-BF30-23B725B0C230}.DebugD3D12|x64.Build.0 = Debug|x64
		{BCA3CCD2-6118-4821-BF30-23B725B0C230}.ReleaseD3D12|x64.ActiveCfg = Release|x64
		{BCA3CCD2-6118-4821-BF30-23B725B0C230}.ReleaseD3D12|x64.Build.0 = Release|x64
		{15770768-65FC-4889-A34B-3CC27CC452BC}.DebugD3D12|x64.ActiveCfg = Debug|x64
		{15770768-65FC-4889-A34B-3CC27CC452BC}.DebugD3D12|x64.Build.0 = Debug|x64
		{15770768-65FC-4889-A34B-3CC27CC452BC}.ReleaseD3D12|x64.ActiveCfg = Release|x64
		{15770768-65FC-4889-A34B-3CC27CC452BC}.ReleaseD3D12|x64.Build.0 = Release|x64
		{730AA5B9-7DDB-40AF-A882-EB39B9D3AC7C}.DebugD3D12|x64.ActiveCfg = Debug|x64
		{730AA5B9-7DDB-40AF-A882-EB39B9D3AC7C}.DebugD3D12|x64.Build.0 = Debug|x64
		{730AA5B9-7DDB-40AF-A882-EB39B9D3AC7C}.ReleaseD3D12|x64.ActiveCfg = Release|x64
		{730AA5B9-7DDB-40AF-A882-EB39B9D3AC7C}.ReleaseD3D12|x64.Build.0 = Release|x64
		{8F6B5FAB-30FA-45C6-B5EA-BCD1D26781C0}.DebugD3D12|x64.ActiveCfg = Debug|x64
		{8F6B5FAB-30FA-45C6-B5EA-BCD1D26781C0}.DebugD3D12|x64.Build.0 = Debug|x64
		{8F6B5FAB-30FA-45C6-B5EA-BCD1D26781C0}.ReleaseD3D12|x64.ActiveCfg = Release|x64
		{8F6B5FAB-30FA-45C6-B5EA-BCD1D26781C0}.ReleaseD3D12|x64.Build.0 = Release|x64
		{8F5021A0-B44D-487E-A5B9-B14E5B34EE88}.DebugD3D12|x64.ActiveCfg = Debug|x64
		{8F5021A0-B44D-487E-A5B9-B14E5B34EE88}.DebugD3D12|x64.Build.0 = Debug|x64
		{8F5021A0-B44D-487E-A5B9-B14E5B34EE88}.ReleaseD3D12|x64.ActiveCfg = Release|x64
		{8F5021A0-B44D-487E-A5B9-B14E5B34EE88}.ReleaseD3D12|x64.Build.0 = Release|x64
		{9BA8BE6A-3CE0-4307-885A-BE18FD90F3DA}.DebugD3D12|x64.ActiveCfg = Debug|x64
		{9BA8BE6A-3CE0-4307-885A-BE18FD90F3DA}.DebugD3D12|x64.Build.0 = Debug|x64
		{9BA8BE6A-3CE0-4307-885A-BE18FD90F3DA}.ReleaseD3D12|x64.ActiveCfg = Release|x64
		{9BA8BE6A-3CE0-4307-885A-BE18FD90F3DA}.ReleaseD3D12|x64.Build.0 = Release|x64
		{CE4E6D23-E12C-49F6-8492-BCAD884B6E40}.DebugD3D12|x64.ActiveCfg = Debug|x64
		{CE4E6D23-E12C-49F6-8492-BCAD884B6E40}.DebugD3D12|x64.Build.0 = Debug|x64
		{CE4E6D23-E12C-49F6-8492-BCAD884B6E40}.ReleaseD3D12|x64.ActiveCfg = Release|x64
		{CE4E6D23-E12C-49F6-8492-BCAD884B6E40}.ReleaseD3D12|x64.Build.0 = Release|x64
		{66B092D9-4CBB-4AFC-8647-D2CAE69149E6}.DebugD3D12|x64.ActiveCfg = Debug|x64
		{66B092D9-4CBB-4AFC-8647-D2CAE69149E6}.DebugD3D12|x64.Build.0 = Debug|x64
		{66B092D9-4CBB-4AFC-8647-D2CAE69149E6}.ReleaseD3D12|x64.ActiveCfg = Release|x64
		{66B092D9-4CBB-4AFC-8647-D2CAE69149E6}.ReleaseD3D12|x64.Build.0 = Release|x64
		{67E7E092-D4BE-4985-85D2-52FA20D40086}.DebugD3D12|x64.ActiveCfg = Debug|x64
		{67E7E092-D4BE-4985-85D2-52FA20D40086}.DebugD3D12|x64.Build.0 = Debug|x64
		{67E7E092-D4BE-4985-85D2-52FA20D40086}.ReleaseD3D12|x64.ActiveCfg = Release|x64
		{67E7E092-D4BE-4985-85D2-52FA20D40086}.ReleaseD3D12|x64.Build.0 = Release|x64
		{71D0C524-3835-451D-8C73-C929C5C0A64E}.DebugD3D12|x64.ActiveCfg = Debug|x64
		{71D0C524-3835-451D-8C73-C929C5C0A64E}.DebugD3D12|x64.Build.0 = Debug|x64
		{71D0C524-3835-451D-8C73-C929C5C0A64E}.ReleaseD3D12|x64.ActiveCfg = Release|x64
		{71D0C524-3835-451D-8C73-C929C5C0A64E}.ReleaseD3D12|x64.Build.0 = Release|x64
		{CA37AB93-E164-4F15-A925-66E0678796BF}.DebugD3D12|x64.ActiveCfg = Debug|x64
		{CA37AB93-E164-4F15-A925-66E0678796BF}.DebugD3D12|x64.Build.0 = Debug|x64
		{CA37AB93-E164-4F15-A925-66E0678796BF}.ReleaseD3D12|x64.ActiveCfg = Release|x64
		{CA37AB93-E164-4F15-A925-66E0678796BF}.ReleaseD3D12|x64.Build.0 = Release|x64
		{3D05D159-CB06-4C70-8F8E-56845DE85844}.DebugD3D12|x64.ActiveCfg = Debug|x64
		{3D05D159-CB06-4C70-8F8E-56845DE85844}.DebugD3D12|x64.Build.0 = Debug|x64
		{3D05D159-CB06-4C70-8F8E-56845DE85844}.ReleaseD3D12|x64.ActiveCfg = Release|x64
		{3D05D159-CB06-4C70-8F8E-56845DE85844}.ReleaseD3D12|x64.Build.0 = Release|x64
		{37EBAC81-13A7-4F72-AF17-51E6A29CA978}.DebugD3D12|x64.ActiveCfg = Debug|x64
		{37EBAC81-13A7-4F72-AF17-51E6A29CA978}.DebugD3D12|x64.Build.0 = Debug|x64
		{37EBAC81-13A7-4F72-AF17-51E6A29CA978}.ReleaseD3D12|x64.ActiveCfg = Release|x64
		{37EBAC81-13A7-4F72-AF17-51E6A29CA978}.ReleaseD3D12|x64.Build.0 = Release|x64
		{3AC9ADAB-C685-49C5-BFC1-FAF90FB12C1C}.DebugD3D12|x64.ActiveCfg = Debug|x64
		{3AC9ADAB-C685-49C5-BFC1-FAF90FB12C1C}.DebugD3D12|x64.Build.0 = Debug|x64
		{3AC9ADAB-C685-49C5-BFC1-FAF90FB12C1C}.ReleaseD3D12|x64.ActiveCfg = Release|x64
		{3AC9ADAB-C685-49C5-BFC1-FAF90FB12C1C}.ReleaseD3D12|x64.Build.0 = Release|x64
		{91F44B8F-7053-4607-9E4F-D31A7039B512}.DebugD3D12|x64.ActiveCfg = Debug|x64
		{91F44B8F-7053-4607-9E4F-D31A7039B512}.DebugD3D12|x64.Build.0 = Debug|x64
		{91F44B8F-7053-4607-9E4F-D31A7039B512}.ReleaseD3D12|x64.ActiveCfg = Release|x64
		{91F44B8F-7053-4607-9E4F-D31A7039B512}.ReleaseD3D12|x64.Build.0 = Release|x64
		{A011819B-DE6F-4246-AF0A-E7C249639D8D}.DebugD3D12|x64.ActiveCfg = Debug|x64
		{A011819B-DE6F-4246-AF0A-E7C249639D8D}.DebugD3D12|x64.Build.0 = Debug|x64
		{A011819B-DE6F-4246-AF0A-E7C249639D8D}.ReleaseD3D12|x64.ActiveCfg = Release|x64
		{A011819B-DE6F-4246-AF0A-E7C249639D8D}.ReleaseD3D12|x64.Build.0 = Release|x64
	EndGlobalSection
	GlobalSection(SolutionProperties) = preSolution
		HideSolutionNode = FALSE
	EndGlobalSection
	GlobalSection(NestedProjects) = preSolution
		{20401FAD-6022-8EB7-2F78-41369B8F0F49} = {935D7586-B55D-431A-A0ED-338383DE1A1E}
		{DE81ACAA-933F-4DBC-A7EB-D69B9CB0BA71} = {935D7586-B55D-431A-A0ED-338383DE1A1E}
		{0ABDD59E-937B-41FF-B78A-7F47CBCCA387} = {350A0B15-98C0-45E3-872B-4FEFB47AA37C}
		{71B60B71-89A2-4196-BFB9-4A848CF6C541} = {4B8EAC4B-FFDF-4CCA-A6FE-4505631E51EC}
		{7BFFD891-AAD6-4E5C-8ADC-611C2625DCD9} = {4B8EAC4B-FFDF-4CCA-A6FE-4505631E51EC}
		{605856E4-34D4-40DF-B859-EEA3A7D52A7B} = {4B8EAC4B-FFDF-4CCA-A6FE-4505631E51EC}
		{8AB4CF3D-9824-4390-8569-B07776C4D1F6} = {4B8EAC4B-FFDF-4CCA-A6FE-4505631E51EC}
		{081FD8DE-6C92-4CDC-84AD-C514F7E83F93} = {D16038A7-B031-4181-B4A1-2C416C02330C}
		{CA155B01-7528-4D81-B5CD-E801B4AA4027} = {D16038A7-B031-4181-B4A1-2C416C02330C}
		{80DDDE59-A412-4E64-880A-6B52697C967B} = {D16038A7-B031-4181-B4A1-2C416C02330C}
		{8ECC586D-1F5E-46D4-82BB-28044E6D67A2} = {D16038A7-B031-4181-B4A1-2C416C02330C}
		{C6EB0AC0-FF3B-474E-A453-44D84329D13A} = {D16038A7-B031-4181-B4A1-2C416C02330C}
		{E58DB0ED-58CD-4724-91EA-99419084CB3A} = {D16038A7-B031-4181-B4A1-2C416C02330C}
		{BCA3CCD2-6118-4821-BF30-23B725B0C230} = {D16038A7-B031-4181-B4A1-2C416C02330C}
		{15770768-65FC-4889-A34B-3CC27CC452BC} = {D16038A7-B031-4181-B4A1-2C416C02330C}
		{730AA5B9-7DDB-40AF-A882-EB39B9D3AC7C} = {D16038A7-B031-4181-B4A1-2C416C02330C}
		{8F6B5FAB-30FA-45C6-B5EA-BCD1D26781C0} = {935D7586-B55D-431A-A0ED-338383DE1A1E}
		{8F5021A0-B44D-487E-A5B9-B14E5B34EE88} = {D16038A7-B031-4181-B4A1-2C416C02330C}
		{9BA8BE6A-3CE0-4307-885A-BE18FD90F3DA} = {D16038A7-B031-4181-B4A1-2C416C02330C}
		{CE4E6D23-E12C-49F6-8492-BCAD884B6E40} = {D16038A7-B031-4181-B4A1-2C416C02330C}
		{66B092D9-4CBB-4AFC-8647-D2CAE69149E6} = {D16038A7-B031-4181-B4A1-2C416C02330C}
		{67E7E092-D4BE-4985-85D2-52FA20D40086} = {D16038A7-B031-4181-B4A1-2C416C02330C}
		{71D0C524-3835-451D-8C73-C929C5C0A64E} = {D16038A7-B031-4181-B4A1-2C416C02330C}
		{CA37AB93-E164-4F15-A925-66E0678796BF} = {D16038A7-B031-4181-B4A1-2C416C02330C}
		{3D05D159-CB06-4C70-8F8E-56845DE85844} = {D16038A7-B031-4181-B4A1-2C416C02330C}
		{37EBAC81-13A7-4F72-AF17-51E6A29CA978} = {D16038A7-B031-4181-B4A1-2C416C02330C}
		{3AC9ADAB-C685-49C5-BFC1-FAF90FB12C1C} = {D16038A7-B031-4181-B4A1-2C416C02330C}
		{91F44B8F-7053-4607-9E4F-D31A7039B512} = {D16038A7-B031-4181-B4A1-2C416C02330C}
		{A011819B-DE6F-4246-AF0A-E7C249639D8D} = {D16038A7-B031-4181-B4A1-2C416C02330C}
	EndGlobalSection
	GlobalSection(ExtensibilityGlobals) = postSolution
		SolutionGuid = {357B2AE0-FE30-4AC6-8D41-B580232BC0DE}
	EndGlobalSection
EndGlobal
