<?xml version="1.0" encoding="utf-8"?>
<Project ToolsVersion="4.0" xmlns="http://schemas.microsoft.com/developer/msbuild/2003">
  <ItemGroup>
    <ClCompile Include="VirtualLightEstimatePass.cpp" />
  </ItemGroup>
  <ItemGroup>
    <ClInclude Include="VirtualLightEstimatePass.h" />
    <ClInclude Include="Timer.h" />
    <ClInclude Include="pcg32.h" />
    <ClInclude Include="pcg32_8.h" />
  </ItemGroup>
  <ItemGroup>
    <ShaderSource Include="VirtualLightEstimate.cs.slang" />
    <ShaderSource Include="VirtualLightConvert.cs.slang" />
    <ShaderSource Include="VirtualLightDeltaConvert.cs.slang" />
    <ShaderSource Include="ComputeSolidAngleLUT.cs.slang" />
  </ItemGroup>
</Project>