<?xml version="1.0" encoding="utf-8"?>
<Project ToolsVersion="4.0" xmlns="http://schemas.microsoft.com/developer/msbuild/2003">
  <ItemGroup>
    <ClCompile Include="ReSTIRPass.cpp" />
    <ClCompile Include="LinearBinaryTree.cpp" />
  </ItemGroup>
  <ItemGroup>
    <ClInclude Include="ReSTIRPass.h" />
    <ClInclude Include="CPULightCuts.h" />
    <ClInclude Include="LinearBinaryTree.h" />
  </ItemGroup>
  <ItemGroup>
    <ShaderSource Include="ReSTIRInitialSampling.cs.slang" />
    <ShaderSource Include="ReSTIRPreSampling.cs.slang" />
    <ShaderSource Include="ReSTIRSpatialResampling.cs.slang" />
    <ShaderSource Include="ReSTIRTemporalResampling.cs.slang" />
    <ShaderSource Include="ReSTIRPrepareLights.cs.slang" />
    <ShaderSource Include="ReSTIRShading.cs.slang" />
    <ShaderSource Include="LightTreeSampler.slang" />
    <ShaderSource Include="LightTreeDefinition.slangh" />
    <ShaderSource Include="ReSTIRSpecularGathering.cs.slang" />
  </ItemGroup>
</Project>