<?xml version="1.0" encoding="utf-8"?>
<Project ToolsVersion="4.0" xmlns="http://schemas.microsoft.com/developer/msbuild/2003">
  <ItemGroup>
    <ClCompile Include="PhotonMapping.cpp" />
  </ItemGroup>
  <ItemGroup>
    <ClInclude Include="PhotonMapping.h" />
    <ClInclude Include="cyCore.h" />
    <ClInclude Include="cyHeap.h" />
    <ClInclude Include="cyPointCloud.h" />
  </ItemGroup>
  <ItemGroup>
    <ShaderSource Include="PhotonTracePass.cs.slang" />
    <ShaderSource Include="ShadingPass.cs.slang" />
    <ShaderSource Include="Types.slang" />
  </ItemGroup>
</Project>